
Microsoft Visual Studio Solution File, Format Version 12.00
# Visual Studio Version 17
VisualStudioVersion = 17.4.33213.308
MinimumVisualStudioVersion = 10.0.40219.1
Project("{FAE04EC0-301F-11D3-BF4B-00C04F79EFBC}") = "csharp_MethodOverloading", "csharp_MethodOverloading.csproj", "{E5A7E938-F5AA-4045-887C-BBD1111E1DF9}"
EndProject
Global
	GlobalSection(SolutionConfigurationPlatforms) = preSolution
		Debug|Any CPU = Debug|Any CPU
		Release|Any CPU = Release|Any CPU
	EndGlobalSection
	GlobalSection(ProjectConfigurationPlatforms) = postSolution
		{E5A7E938-F5AA-4045-887C-BBD1111E1DF9}.Debug|Any CPU.ActiveCfg = Debug|Any CPU
		{E5A7E938-F5AA-4045-887C-BBD1111E1DF9}.Debug|Any CPU.Build.0 = Debug|Any CPU
		{E5A7E938-F5AA-4045-887C-BBD1111E1DF9}.Release|Any CPU.ActiveCfg = Release|Any CPU
		{E5A7E938-F5AA-4045-887C-BBD1111E1DF9}.Release|Any CPU.Build.0 = Release|Any CPU
	EndGlobalSection
	GlobalSection(SolutionProperties) = preSolution
		HideSolutionNode = FALSE
	EndGlobalSection
	GlobalSection(ExtensibilityGlobals) = postSolution
		SolutionGuid = {30D4CE89-0F4C-40B9-A47C-511753A55BA2}
	EndGlobalSection
EndGlobal
